
Microsoft Visual Studio Solution File, Format Version 12.00
# Visual Studio 15
Project("{FAE04EC0-301F-11D3-BF4B-00C04F79EFBC}") = "UnityEngine.TestRunner", "UnityEngine.TestRunner.csproj", "{15618DF0-5D85-E72F-913F-9C6E6E6AD1B2}"
EndProject
Project("{FAE04EC0-301F-11D3-BF4B-00C04F79EFBC}") = "UnityEngine.UI", "UnityEngine.UI.csproj", "{017BA88F-35CF-212C-5F5A-A88E9FE54F1F}"
EndProject
Project("{FAE04EC0-301F-11D3-BF4B-00C04F79EFBC}") = "Unity.TextMeshPro", "Unity.TextMeshPro.csproj", "{77F36993-31C0-507F-2027-7E3582606807}"
EndProject
Project("{FAE04EC0-301F-11D3-BF4B-00C04F79EFBC}") = "Unity.Timeline", "Unity.Timeline.csproj", "{7C9F3C75-7557-7F49-3136-B39F579BC362}"
EndProject
Project("{FAE04EC0-301F-11D3-BF4B-00C04F79EFBC}") = "Cinemachine", "Cinemachine.csproj", "{3CE537C4-FDE8-F876-7816-A36BC04C04E9}"
EndProject
Project("{FAE04EC0-301F-11D3-BF4B-00C04F79EFBC}") = "Unity.RenderPipelines.Core.Runtime", "Unity.RenderPipelines.Core.Runtime.csproj", "{23F9E45E-86DE-C5D8-57CA-500CF0C971B7}"
EndProject
Project("{FAE04EC0-301F-11D3-BF4B-00C04F79EFBC}") = "Assembly-CSharp", "Assembly-CSharp.csproj", "{04E90E27-DCD9-18CA-08D0-6DB7D5ADC76F}"
EndProject
Project("{FAE04EC0-301F-11D3-BF4B-00C04F79EFBC}") = "Unity.RenderPipelines.ShaderGraph.ShaderGraphLibrary", "Unity.RenderPipelines.ShaderGraph.ShaderGraphLibrary.csproj", "{8CEA6B16-65E2-9FE0-6AE9-C0161B6D3B2F}"
EndProject
Project("{FAE04EC0-301F-11D3-BF4B-00C04F79EFBC}") = "Unity.RenderPipelines.Core.ShaderLibrary", "Unity.RenderPipelines.Core.ShaderLibrary.csproj", "{30441F64-6CF1-03B6-B811-EA6ABC9F81DB}"
EndProject
Project("{FAE04EC0-301F-11D3-BF4B-00C04F79EFBC}") = "UnityEditor.TestRunner", "UnityEditor.TestRunner.csproj", "{7D4D40BA-ECDD-8E32-2839-E6559E8A6624}"
EndProject
Project("{FAE04EC0-301F-11D3-BF4B-00C04F79EFBC}") = "Unity.ShaderGraph.Editor", "Unity.ShaderGraph.Editor.csproj", "{23111A22-55A7-1705-3618-6734F25AE92F}"
EndProject
Project("{FAE04EC0-301F-11D3-BF4B-00C04F79EFBC}") = "Unity.TextMeshPro.Editor", "Unity.TextMeshPro.Editor.csproj", "{B0E0FF13-4281-470A-A1C6-AF90934ECEE9}"
EndProject
Project("{FAE04EC0-301F-11D3-BF4B-00C04F79EFBC}") = "Unity.Timeline.Editor", "Unity.Timeline.Editor.csproj", "{CD44F25F-8B13-4655-1129-E00771A23264}"
EndProject
Project("{FAE04EC0-301F-11D3-BF4B-00C04F79EFBC}") = "com.unity.cinemachine.editor", "com.unity.cinemachine.editor.csproj", "{20F543C7-CDF0-CB3F-9329-CC879C0FC327}"
EndProject
Project("{FAE04EC0-301F-11D3-BF4B-00C04F79EFBC}") = "UnityEditor.UI", "UnityEditor.UI.csproj", "{A7FD4151-8102-DBD2-B2FE-DED543F3A798}"
EndProject
Project("{FAE04EC0-301F-11D3-BF4B-00C04F79EFBC}") = "Unity.Rider.Editor", "Unity.Rider.Editor.csproj", "{C1CD5765-25B2-E1F7-F745-BDA54AB7EF29}"
EndProject
Project("{FAE04EC0-301F-11D3-BF4B-00C04F79EFBC}") = "Unity.RenderPipelines.Core.Editor", "Unity.RenderPipelines.Core.Editor.csproj", "{D225FC82-D45D-9B83-5A98-5C47CA9BB822}"
EndProject
Project("{FAE04EC0-301F-11D3-BF4B-00C04F79EFBC}") = "Unity.CollabProxy.Editor", "Unity.CollabProxy.Editor.csproj", "{CAC8C1AE-4CE5-53AF-6AFE-9CEAF8D6C2A0}"
EndProject
Project("{FAE04EC0-301F-11D3-BF4B-00C04F79EFBC}") = "Unity.VSCode.Editor", "Unity.VSCode.Editor.csproj", "{67743671-4D6E-5870-4962-DF638AEC0C0F}"
EndProject
Project("{FAE04EC0-301F-11D3-BF4B-00C04F79EFBC}") = "Unity.ShaderGraph.Utilities", "Unity.ShaderGraph.Utilities.csproj", "{CF46F30A-340A-4880-34D9-CB3877E6EC96}"
EndProject
Global
	GlobalSection(SolutionConfigurationPlatforms) = preSolution
		Debug|Any CPU = Debug|Any CPU
		Release|Any CPU = Release|Any CPU
	EndGlobalSection
	GlobalSection(ProjectConfigurationPlatforms) = postSolution
		{15618DF0-5D85-E72F-913F-9C6E6E6AD1B2}.Debug|Any CPU.ActiveCfg = Debug|Any CPU
		{15618DF0-5D85-E72F-913F-9C6E6E6AD1B2}.Debug|Any CPU.Build.0 = Debug|Any CPU
		{15618DF0-5D85-E72F-913F-9C6E6E6AD1B2}.Release|Any CPU.ActiveCfg = Release|Any CPU
		{15618DF0-5D85-E72F-913F-9C6E6E6AD1B2}.Release|Any CPU.Build.0 = Release|Any CPU
		{017BA88F-35CF-212C-5F5A-A88E9FE54F1F}.Debug|Any CPU.ActiveCfg = Debug|Any CPU
		{017BA88F-35CF-212C-5F5A-A88E9FE54F1F}.Debug|Any CPU.Build.0 = Debug|Any CPU
		{017BA88F-35CF-212C-5F5A-A88E9FE54F1F}.Release|Any CPU.ActiveCfg = Release|Any CPU
		{017BA88F-35CF-212C-5F5A-A88E9FE54F1F}.Release|Any CPU.Build.0 = Release|Any CPU
		{77F36993-31C0-507F-2027-7E3582606807}.Debug|Any CPU.ActiveCfg = Debug|Any CPU
		{77F36993-31C0-507F-2027-7E3582606807}.Debug|Any CPU.Build.0 = Debug|Any CPU
		{77F36993-31C0-507F-2027-7E3582606807}.Release|Any CPU.ActiveCfg = Release|Any CPU
		{77F36993-31C0-507F-2027-7E3582606807}.Release|Any CPU.Build.0 = Release|Any CPU
		{7C9F3C75-7557-7F49-3136-B39F579BC362}.Debug|Any CPU.ActiveCfg = Debug|Any CPU
		{7C9F3C75-7557-7F49-3136-B39F579BC362}.Debug|Any CPU.Build.0 = Debug|Any CPU
		{7C9F3C75-7557-7F49-3136-B39F579BC362}.Release|Any CPU.ActiveCfg = Release|Any CPU
		{7C9F3C75-7557-7F49-3136-B39F579BC362}.Release|Any CPU.Build.0 = Release|Any CPU
		{3CE537C4-FDE8-F876-7816-A36BC04C04E9}.Debug|Any CPU.ActiveCfg = Debug|Any CPU
		{3CE537C4-FDE8-F876-7816-A36BC04C04E9}.Debug|Any CPU.Build.0 = Debug|Any CPU
		{3CE537C4-FDE8-F876-7816-A36BC04C04E9}.Release|Any CPU.ActiveCfg = Release|Any CPU
		{3CE537C4-FDE8-F876-7816-A36BC04C04E9}.Release|Any CPU.Build.0 = Release|Any CPU
		{23F9E45E-86DE-C5D8-57CA-500CF0C971B7}.Debug|Any CPU.ActiveCfg = Debug|Any CPU
		{23F9E45E-86DE-C5D8-57CA-500CF0C971B7}.Debug|Any CPU.Build.0 = Debug|Any CPU
		{23F9E45E-86DE-C5D8-57CA-500CF0C971B7}.Release|Any CPU.ActiveCfg = Release|Any CPU
		{23F9E45E-86DE-C5D8-57CA-500CF0C971B7}.Release|Any CPU.Build.0 = Release|Any CPU
		{04E90E27-DCD9-18CA-08D0-6DB7D5ADC76F}.Debug|Any CPU.ActiveCfg = Debug|Any CPU
		{04E90E27-DCD9-18CA-08D0-6DB7D5ADC76F}.Debug|Any CPU.Build.0 = Debug|Any CPU
		{04E90E27-DCD9-18CA-08D0-6DB7D5ADC76F}.Release|Any CPU.ActiveCfg = Release|Any CPU
		{04E90E27-DCD9-18CA-08D0-6DB7D5ADC76F}.Release|Any CPU.Build.0 = Release|Any CPU
		{8CEA6B16-65E2-9FE0-6AE9-C0161B6D3B2F}.Debug|Any CPU.ActiveCfg = Debug|Any CPU
		{8CEA6B16-65E2-9FE0-6AE9-C0161B6D3B2F}.Debug|Any CPU.Build.0 = Debug|Any CPU
		{8CEA6B16-65E2-9FE0-6AE9-C0161B6D3B2F}.Release|Any CPU.ActiveCfg = Release|Any CPU
		{8CEA6B16-65E2-9FE0-6AE9-C0161B6D3B2F}.Release|Any CPU.Build.0 = Release|Any CPU
		{30441F64-6CF1-03B6-B811-EA6ABC9F81DB}.Debug|Any CPU.ActiveCfg = Debug|Any CPU
		{30441F64-6CF1-03B6-B811-EA6ABC9F81DB}.Debug|Any CPU.Build.0 = Debug|Any CPU
		{30441F64-6CF1-03B6-B811-EA6ABC9F81DB}.Release|Any CPU.ActiveCfg = Release|Any CPU
		{30441F64-6CF1-03B6-B811-EA6ABC9F81DB}.Release|Any CPU.Build.0 = Release|Any CPU
		{7D4D40BA-ECDD-8E32-2839-E6559E8A6624}.Debug|Any CPU.ActiveCfg = Debug|Any CPU
		{7D4D40BA-ECDD-8E32-2839-E6559E8A6624}.Debug|Any CPU.Build.0 = Debug|Any CPU
		{7D4D40BA-ECDD-8E32-2839-E6559E8A6624}.Release|Any CPU.ActiveCfg = Release|Any CPU
		{7D4D40BA-ECDD-8E32-2839-E6559E8A6624}.Release|Any CPU.Build.0 = Release|Any CPU
		{23111A22-55A7-1705-3618-6734F25AE92F}.Debug|Any CPU.ActiveCfg = Debug|Any CPU
		{23111A22-55A7-1705-3618-6734F25AE92F}.Debug|Any CPU.Build.0 = Debug|Any CPU
		{23111A22-55A7-1705-3618-6734F25AE92F}.Release|Any CPU.ActiveCfg = Release|Any CPU
		{23111A22-55A7-1705-3618-6734F25AE92F}.Release|Any CPU.Build.0 = Release|Any CPU
		{B0E0FF13-4281-470A-A1C6-AF90934ECEE9}.Debug|Any CPU.ActiveCfg = Debug|Any CPU
		{B0E0FF13-4281-470A-A1C6-AF90934ECEE9}.Debug|Any CPU.Build.0 = Debug|Any CPU
		{B0E0FF13-4281-470A-A1C6-AF90934ECEE9}.Release|Any CPU.ActiveCfg = Release|Any CPU
		{B0E0FF13-4281-470A-A1C6-AF90934ECEE9}.Release|Any CPU.Build.0 = Release|Any CPU
		{CD44F25F-8B13-4655-1129-E00771A23264}.Debug|Any CPU.ActiveCfg = Debug|Any CPU
		{CD44F25F-8B13-4655-1129-E00771A23264}.Debug|Any CPU.Build.0 = Debug|Any CPU
		{CD44F25F-8B13-4655-1129-E00771A23264}.Release|Any CPU.ActiveCfg = Release|Any CPU
		{CD44F25F-8B13-4655-1129-E00771A23264}.Release|Any CPU.Build.0 = Release|Any CPU
		{20F543C7-CDF0-CB3F-9329-CC879C0FC327}.Debug|Any CPU.ActiveCfg = Debug|Any CPU
		{20F543C7-CDF0-CB3F-9329-CC879C0FC327}.Debug|Any CPU.Build.0 = Debug|Any CPU
		{20F543C7-CDF0-CB3F-9329-CC879C0FC327}.Release|Any CPU.ActiveCfg = Release|Any CPU
		{20F543C7-CDF0-CB3F-9329-CC879C0FC327}.Release|Any CPU.Build.0 = Release|Any CPU
		{A7FD4151-8102-DBD2-B2FE-DED543F3A798}.Debug|Any CPU.ActiveCfg = Debug|Any CPU
		{A7FD4151-8102-DBD2-B2FE-DED543F3A798}.Debug|Any CPU.Build.0 = Debug|Any CPU
		{A7FD4151-8102-DBD2-B2FE-DED543F3A798}.Release|Any CPU.ActiveCfg = Release|Any CPU
		{A7FD4151-8102-DBD2-B2FE-DED543F3A798}.Release|Any CPU.Build.0 = Release|Any CPU
		{C1CD5765-25B2-E1F7-F745-BDA54AB7EF29}.Debug|Any CPU.ActiveCfg = Debug|Any CPU
		{C1CD5765-25B2-E1F7-F745-BDA54AB7EF29}.Debug|Any CPU.Build.0 = Debug|Any CPU
		{C1CD5765-25B2-E1F7-F745-BDA54AB7EF29}.Release|Any CPU.ActiveCfg = Release|Any CPU
		{C1CD5765-25B2-E1F7-F745-BDA54AB7EF29}.Release|Any CPU.Build.0 = Release|Any CPU
		{D225FC82-D45D-9B83-5A98-5C47CA9BB822}.Debug|Any CPU.ActiveCfg = Debug|Any CPU
		{D225FC82-D45D-9B83-5A98-5C47CA9BB822}.Debug|Any CPU.Build.0 = Debug|Any CPU
		{D225FC82-D45D-9B83-5A98-5C47CA9BB822}.Release|Any CPU.ActiveCfg = Release|Any CPU
		{D225FC82-D45D-9B83-5A98-5C47CA9BB822}.Release|Any CPU.Build.0 = Release|Any CPU
		{CAC8C1AE-4CE5-53AF-6AFE-9CEAF8D6C2A0}.Debug|Any CPU.ActiveCfg = Debug|Any CPU
		{CAC8C1AE-4CE5-53AF-6AFE-9CEAF8D6C2A0}.Debug|Any CPU.Build.0 = Debug|Any CPU
		{CAC8C1AE-4CE5-53AF-6AFE-9CEAF8D6C2A0}.Release|Any CPU.ActiveCfg = Release|Any CPU
		{CAC8C1AE-4CE5-53AF-6AFE-9CEAF8D6C2A0}.Release|Any CPU.Build.0 = Release|Any CPU
		{67743671-4D6E-5870-4962-DF638AEC0C0F}.Debug|Any CPU.ActiveCfg = Debug|Any CPU
		{67743671-4D6E-5870-4962-DF638AEC0C0F}.Debug|Any CPU.Build.0 = Debug|Any CPU
		{67743671-4D6E-5870-4962-DF638AEC0C0F}.Release|Any CPU.ActiveCfg = Release|Any CPU
		{67743671-4D6E-5870-4962-DF638AEC0C0F}.Release|Any CPU.Build.0 = Release|Any CPU
		{CF46F30A-340A-4880-34D9-CB3877E6EC96}.Debug|Any CPU.ActiveCfg = Debug|Any CPU
		{CF46F30A-340A-4880-34D9-CB3877E6EC96}.Debug|Any CPU.Build.0 = Debug|Any CPU
		{CF46F30A-340A-4880-34D9-CB3877E6EC96}.Release|Any CPU.ActiveCfg = Release|Any CPU
		{CF46F30A-340A-4880-34D9-CB3877E6EC96}.Release|Any CPU.Build.0 = Release|Any CPU
	EndGlobalSection
	GlobalSection(SolutionProperties) = preSolution
		HideSolutionNode = FALSE
	EndGlobalSection
EndGlobal
